// !$*UTF8*$!
{
	archiveVersion = 1;
	classes = {
	};
	objectVersion = 50;
	objects = {

/* Begin PBXBuildFile section */
		79521E8425FE78C200630D1F /* AppDelegate.swift in Sources */ = {isa = PBXBuildFile; fileRef = 79521E8325FE78C200630D1F /* AppDelegate.swift */; };
		79521E8625FE78C200630D1F /* SceneDelegate.swift in Sources */ = {isa = PBXBuildFile; fileRef = 79521E8525FE78C200630D1F /* SceneDelegate.swift */; };
		79521E8D25FE78C300630D1F /* Assets.xcassets in Resources */ = {isa = PBXBuildFile; fileRef = 79521E8C25FE78C300630D1F /* Assets.xcassets */; };
		79521E9025FE78C300630D1F /* LaunchScreen.storyboard in Resources */ = {isa = PBXBuildFile; fileRef = 79521E8E25FE78C300630D1F /* LaunchScreen.storyboard */; };
		79521E9B25FE78C300630D1F /* SwiftCombineExampleTests.swift in Sources */ = {isa = PBXBuildFile; fileRef = 79521E9A25FE78C300630D1F /* SwiftCombineExampleTests.swift */; };
		79521EA625FE78C400630D1F /* SwiftCombineExampleUITests.swift in Sources */ = {isa = PBXBuildFile; fileRef = 79521EA525FE78C400630D1F /* SwiftCombineExampleUITests.swift */; };
		79521EC125FE7A4100630D1F /* MainViewController.swift in Sources */ = {isa = PBXBuildFile; fileRef = 79521EC025FE7A4100630D1F /* MainViewController.swift */; };
		79521EC625FE7A5100630D1F /* MainViewModel.swift in Sources */ = {isa = PBXBuildFile; fileRef = 79521EC525FE7A5100630D1F /* MainViewModel.swift */; };
		79521ECB25FE7A5B00630D1F /* MainViewProtocols.swift in Sources */ = {isa = PBXBuildFile; fileRef = 79521ECA25FE7A5B00630D1F /* MainViewProtocols.swift */; };
		79521ED025FE7A7300630D1F /* MainViewCoordinator.swift in Sources */ = {isa = PBXBuildFile; fileRef = 79521ECF25FE7A7300630D1F /* MainViewCoordinator.swift */; };
		79521ED525FE7A8C00630D1F /* MainTableViewCell.swift in Sources */ = {isa = PBXBuildFile; fileRef = 79521ED425FE7A8C00630D1F /* MainTableViewCell.swift */; };
		79521EDA25FE7AA000630D1F /* MainTableViewCellModel.swift in Sources */ = {isa = PBXBuildFile; fileRef = 79521ED925FE7AA000630D1F /* MainTableViewCellModel.swift */; };
		79521EE225FE7B1900630D1F /* Movie.swift in Sources */ = {isa = PBXBuildFile; fileRef = 79521EE125FE7B1900630D1F /* Movie.swift */; };
		79521EE725FE7B3200630D1F /* MovieService.swift in Sources */ = {isa = PBXBuildFile; fileRef = 79521EE625FE7B3200630D1F /* MovieService.swift */; };
		79521EEC25FE7B7E00630D1F /* AppCoordinatorManager.swift in Sources */ = {isa = PBXBuildFile; fileRef = 79521EEB25FE7B7E00630D1F /* AppCoordinatorManager.swift */; };
		79521EF425FEA88800630D1F /* MovieSearch.swift in Sources */ = {isa = PBXBuildFile; fileRef = 79521EF325FEA88800630D1F /* MovieSearch.swift */; };
/* End PBXBuildFile section */

/* Begin PBXContainerItemProxy section */
		79521E9725FE78C300630D1F /* PBXContainerItemProxy */ = {
			isa = PBXContainerItemProxy;
			containerPortal = 79521E7825FE78C200630D1F /* Project object */;
			proxyType = 1;
			remoteGlobalIDString = 79521E7F25FE78C200630D1F;
			remoteInfo = SwiftCombineExample;
		};
		79521EA225FE78C400630D1F /* PBXContainerItemProxy */ = {
			isa = PBXContainerItemProxy;
			containerPortal = 79521E7825FE78C200630D1F /* Project object */;
			proxyType = 1;
			remoteGlobalIDString = 79521E7F25FE78C200630D1F;
			remoteInfo = SwiftCombineExample;
		};
/* End PBXContainerItemProxy section */

/* Begin PBXFileReference section */
		79521E8025FE78C200630D1F /* SwiftCombineExample.app */ = {isa = PBXFileReference; explicitFileType = wrapper.application; includeInIndex = 0; path = SwiftCombineExample.app; sourceTree = BUILT_PRODUCTS_DIR; };
		79521E8325FE78C200630D1F /* AppDelegate.swift */ = {isa = PBXFileReference; lastKnownFileType = sourcecode.swift; path = AppDelegate.swift; sourceTree = "<group>"; };
		79521E8525FE78C200630D1F /* SceneDelegate.swift */ = {isa = PBXFileReference; lastKnownFileType = sourcecode.swift; path = SceneDelegate.swift; sourceTree = "<group>"; };
		79521E8C25FE78C300630D1F /* Assets.xcassets */ = {isa = PBXFileReference; lastKnownFileType = folder.assetcatalog; path = Assets.xcassets; sourceTree = "<group>"; };
		79521E8F25FE78C300630D1F /* Base */ = {isa = PBXFileReference; lastKnownFileType = file.storyboard; name = Base; path = Base.lproj/LaunchScreen.storyboard; sourceTree = "<group>"; };
		79521E9125FE78C300630D1F /* Info.plist */ = {isa = PBXFileReference; lastKnownFileType = text.plist.xml; path = Info.plist; sourceTree = "<group>"; };
		79521E9625FE78C300630D1F /* SwiftCombineExampleTests.xctest */ = {isa = PBXFileReference; explicitFileType = wrapper.cfbundle; includeInIndex = 0; path = SwiftCombineExampleTests.xctest; sourceTree = BUILT_PRODUCTS_DIR; };
		79521E9A25FE78C300630D1F /* SwiftCombineExampleTests.swift */ = {isa = PBXFileReference; lastKnownFileType = sourcecode.swift; path = SwiftCombineExampleTests.swift; sourceTree = "<group>"; };
		79521E9C25FE78C300630D1F /* Info.plist */ = {isa = PBXFileReference; lastKnownFileType = text.plist.xml; path = Info.plist; sourceTree = "<group>"; };
		79521EA125FE78C400630D1F /* SwiftCombineExampleUITests.xctest */ = {isa = PBXFileReference; explicitFileType = wrapper.cfbundle; includeInIndex = 0; path = SwiftCombineExampleUITests.xctest; sourceTree = BUILT_PRODUCTS_DIR; };
		79521EA525FE78C400630D1F /* SwiftCombineExampleUITests.swift */ = {isa = PBXFileReference; lastKnownFileType = sourcecode.swift; path = SwiftCombineExampleUITests.swift; sourceTree = "<group>"; };
		79521EA725FE78C400630D1F /* Info.plist */ = {isa = PBXFileReference; lastKnownFileType = text.plist.xml; path = Info.plist; sourceTree = "<group>"; };
		79521EC025FE7A4100630D1F /* MainViewController.swift */ = {isa = PBXFileReference; lastKnownFileType = sourcecode.swift; path = MainViewController.swift; sourceTree = "<group>"; };
		79521EC525FE7A5100630D1F /* MainViewModel.swift */ = {isa = PBXFileReference; lastKnownFileType = sourcecode.swift; path = MainViewModel.swift; sourceTree = "<group>"; };
		79521ECA25FE7A5B00630D1F /* MainViewProtocols.swift */ = {isa = PBXFileReference; lastKnownFileType = sourcecode.swift; path = MainViewProtocols.swift; sourceTree = "<group>"; };
		79521ECF25FE7A7300630D1F /* MainViewCoordinator.swift */ = {isa = PBXFileReference; lastKnownFileType = sourcecode.swift; path = MainViewCoordinator.swift; sourceTree = "<group>"; };
		79521ED425FE7A8C00630D1F /* MainTableViewCell.swift */ = {isa = PBXFileReference; lastKnownFileType = sourcecode.swift; path = MainTableViewCell.swift; sourceTree = "<group>"; };
		79521ED925FE7AA000630D1F /* MainTableViewCellModel.swift */ = {isa = PBXFileReference; lastKnownFileType = sourcecode.swift; path = MainTableViewCellModel.swift; sourceTree = "<group>"; };
		79521EE125FE7B1900630D1F /* Movie.swift */ = {isa = PBXFileReference; lastKnownFileType = sourcecode.swift; path = Movie.swift; sourceTree = "<group>"; };
		79521EE625FE7B3200630D1F /* MovieService.swift */ = {isa = PBXFileReference; lastKnownFileType = sourcecode.swift; path = MovieService.swift; sourceTree = "<group>"; };
		79521EEB25FE7B7E00630D1F /* AppCoordinatorManager.swift */ = {isa = PBXFileReference; lastKnownFileType = sourcecode.swift; path = AppCoordinatorManager.swift; sourceTree = "<group>"; };
		79521EF325FEA88800630D1F /* MovieSearch.swift */ = {isa = PBXFileReference; lastKnownFileType = sourcecode.swift; path = MovieSearch.swift; sourceTree = "<group>"; };
/* End PBXFileReference section */

/* Begin PBXFrameworksBuildPhase section */
		79521E7D25FE78C200630D1F /* Frameworks */ = {
			isa = PBXFrameworksBuildPhase;
			buildActionMask = 2147483647;
			files = (
			);
			runOnlyForDeploymentPostprocessing = 0;
		};
		79521E9325FE78C300630D1F /* Frameworks */ = {
			isa = PBXFrameworksBuildPhase;
			buildActionMask = 2147483647;
			files = (
			);
			runOnlyForDeploymentPostprocessing = 0;
		};
		79521E9E25FE78C400630D1F /* Frameworks */ = {
			isa = PBXFrameworksBuildPhase;
			buildActionMask = 2147483647;
			files = (
			);
			runOnlyForDeploymentPostprocessing = 0;
		};
/* End PBXFrameworksBuildPhase section */

/* Begin PBXGroup section */
		79521E7725FE78C200630D1F = {
			isa = PBXGroup;
			children = (
				79521E8225FE78C200630D1F /* SwiftCombineExample */,
				79521E9925FE78C300630D1F /* SwiftCombineExampleTests */,
				79521EA425FE78C400630D1F /* SwiftCombineExampleUITests */,
				79521E8125FE78C200630D1F /* Products */,
			);
			sourceTree = "<group>";
		};
		79521E8125FE78C200630D1F /* Products */ = {
			isa = PBXGroup;
			children = (
				79521E8025FE78C200630D1F /* SwiftCombineExample.app */,
				79521E9625FE78C300630D1F /* SwiftCombineExampleTests.xctest */,
				79521EA125FE78C400630D1F /* SwiftCombineExampleUITests.xctest */,
			);
			name = Products;
			sourceTree = "<group>";
		};
		79521E8225FE78C200630D1F /* SwiftCombineExample */ = {
			isa = PBXGroup;
			children = (
				79521E8325FE78C200630D1F /* AppDelegate.swift */,
				79521E8525FE78C200630D1F /* SceneDelegate.swift */,
				79521EEB25FE7B7E00630D1F /* AppCoordinatorManager.swift */,
				79521EE125FE7B1900630D1F /* Movie.swift */,
				79521EF325FEA88800630D1F /* MovieSearch.swift */,
				79521EE625FE7B3200630D1F /* MovieService.swift */,
				79521EBF25FE7A2E00630D1F /* MainView */,
				79521E8C25FE78C300630D1F /* Assets.xcassets */,
				79521E8E25FE78C300630D1F /* LaunchScreen.storyboard */,
				79521E9125FE78C300630D1F /* Info.plist */,
			);
			path = SwiftCombineExample;
			sourceTree = "<group>";
		};
		79521E9925FE78C300630D1F /* SwiftCombineExampleTests */ = {
			isa = PBXGroup;
			children = (
				79521E9A25FE78C300630D1F /* SwiftCombineExampleTests.swift */,
				79521E9C25FE78C300630D1F /* Info.plist */,
			);
			path = SwiftCombineExampleTests;
			sourceTree = "<group>";
		};
		79521EA425FE78C400630D1F /* SwiftCombineExampleUITests */ = {
			isa = PBXGroup;
			children = (
				79521EA525FE78C400630D1F /* SwiftCombineExampleUITests.swift */,
				79521EA725FE78C400630D1F /* Info.plist */,
			);
			path = SwiftCombineExampleUITests;
			sourceTree = "<group>";
		};
		79521EBF25FE7A2E00630D1F /* MainView */ = {
			isa = PBXGroup;
			children = (
				79521EC025FE7A4100630D1F /* MainViewController.swift */,
				79521EC525FE7A5100630D1F /* MainViewModel.swift */,
				79521ECA25FE7A5B00630D1F /* MainViewProtocols.swift */,
				79521ECF25FE7A7300630D1F /* MainViewCoordinator.swift */,
				79521ED425FE7A8C00630D1F /* MainTableViewCell.swift */,
				79521ED925FE7AA000630D1F /* MainTableViewCellModel.swift */,
			);
			path = MainView;
			sourceTree = "<group>";
		};
/* End PBXGroup section */

/* Begin PBXNativeTarget section */
		79521E7F25FE78C200630D1F /* SwiftCombineExample */ = {
			isa = PBXNativeTarget;
			buildConfigurationList = 79521EAA25FE78C400630D1F /* Build configuration list for PBXNativeTarget "SwiftCombineExample" */;
			buildPhases = (
				79521E7C25FE78C200630D1F /* Sources */,
				79521E7D25FE78C200630D1F /* Frameworks */,
				79521E7E25FE78C200630D1F /* Resources */,
			);
			buildRules = (
			);
			dependencies = (
			);
			name = SwiftCombineExample;
			productName = SwiftCombineExample;
			productReference = 79521E8025FE78C200630D1F /* SwiftCombineExample.app */;
			productType = "com.apple.product-type.application";
		};
		79521E9525FE78C300630D1F /* SwiftCombineExampleTests */ = {
			isa = PBXNativeTarget;
			buildConfigurationList = 79521EAD25FE78C400630D1F /* Build configuration list for PBXNativeTarget "SwiftCombineExampleTests" */;
			buildPhases = (
				79521E9225FE78C300630D1F /* Sources */,
				79521E9325FE78C300630D1F /* Frameworks */,
				79521E9425FE78C300630D1F /* Resources */,
			);
			buildRules = (
			);
			dependencies = (
				79521E9825FE78C300630D1F /* PBXTargetDependency */,
			);
			name = SwiftCombineExampleTests;
			productName = SwiftCombineExampleTests;
			productReference = 79521E9625FE78C300630D1F /* SwiftCombineExampleTests.xctest */;
			productType = "com.apple.product-type.bundle.unit-test";
		};
		79521EA025FE78C400630D1F /* SwiftCombineExampleUITests */ = {
			isa = PBXNativeTarget;
			buildConfigurationList = 79521EB025FE78C400630D1F /* Build configuration list for PBXNativeTarget "SwiftCombineExampleUITests" */;
			buildPhases = (
				79521E9D25FE78C400630D1F /* Sources */,
				79521E9E25FE78C400630D1F /* Frameworks */,
				79521E9F25FE78C400630D1F /* Resources */,
			);
			buildRules = (
			);
			dependencies = (
				79521EA325FE78C400630D1F /* PBXTargetDependency */,
			);
			name = SwiftCombineExampleUITests;
			productName = SwiftCombineExampleUITests;
			productReference = 79521EA125FE78C400630D1F /* SwiftCombineExampleUITests.xctest */;
			productType = "com.apple.product-type.bundle.ui-testing";
		};
/* End PBXNativeTarget section */

/* Begin PBXProject section */
		79521E7825FE78C200630D1F /* Project object */ = {
			isa = PBXProject;
			attributes = {
				LastSwiftUpdateCheck = 1230;
				LastUpgradeCheck = 1230;
				TargetAttributes = {
					79521E7F25FE78C200630D1F = {
						CreatedOnToolsVersion = 12.3;
					};
					79521E9525FE78C300630D1F = {
						CreatedOnToolsVersion = 12.3;
						TestTargetID = 79521E7F25FE78C200630D1F;
					};
					79521EA025FE78C400630D1F = {
						CreatedOnToolsVersion = 12.3;
						TestTargetID = 79521E7F25FE78C200630D1F;
					};
				};
			};
			buildConfigurationList = 79521E7B25FE78C200630D1F /* Build configuration list for PBXProject "SwiftCombineExample" */;
			compatibilityVersion = "Xcode 9.3";
			developmentRegion = en;
			hasScannedForEncodings = 0;
			knownRegions = (
				en,
				Base,
			);
			mainGroup = 79521E7725FE78C200630D1F;
			productRefGroup = 79521E8125FE78C200630D1F /* Products */;
			projectDirPath = "";
			projectRoot = "";
			targets = (
				79521E7F25FE78C200630D1F /* SwiftCombineExample */,
				79521E9525FE78C300630D1F /* SwiftCombineExampleTests */,
				79521EA025FE78C400630D1F /* SwiftCombineExampleUITests */,
			);
		};
/* End PBXProject section */

/* Begin PBXResourcesBuildPhase section */
		79521E7E25FE78C200630D1F /* Resources */ = {
			isa = PBXResourcesBuildPhase;
			buildActionMask = 2147483647;
			files = (
				79521E9025FE78C300630D1F /* LaunchScreen.storyboard in Resources */,
				79521E8D25FE78C300630D1F /* Assets.xcassets in Resources */,
			);
			runOnlyForDeploymentPostprocessing = 0;
		};
		79521E9425FE78C300630D1F /* Resources */ = {
			isa = PBXResourcesBuildPhase;
			buildActionMask = 2147483647;
			files = (
			);
			runOnlyForDeploymentPostprocessing = 0;
		};
		79521E9F25FE78C400630D1F /* Resources */ = {
			isa = PBXResourcesBuildPhase;
			buildActionMask = 2147483647;
			files = (
			);
			runOnlyForDeploymentPostprocessing = 0;
		};
/* End PBXResourcesBuildPhase section */

/* Begin PBXSourcesBuildPhase section */
		79521E7C25FE78C200630D1F /* Sources */ = {
			isa = PBXSourcesBuildPhase;
			buildActionMask = 2147483647;
			files = (
				79521EC125FE7A4100630D1F /* MainViewController.swift in Sources */,
				79521E8425FE78C200630D1F /* AppDelegate.swift in Sources */,
				79521EE225FE7B1900630D1F /* Movie.swift in Sources */,
				79521E8625FE78C200630D1F /* SceneDelegate.swift in Sources */,
				79521EE725FE7B3200630D1F /* MovieService.swift in Sources */,
				79521ED525FE7A8C00630D1F /* MainTableViewCell.swift in Sources */,
				79521ECB25FE7A5B00630D1F /* MainViewProtocols.swift in Sources */,
				79521ED025FE7A7300630D1F /* MainViewCoordinator.swift in Sources */,
				79521EDA25FE7AA000630D1F /* MainTableViewCellModel.swift in Sources */,
				79521EEC25FE7B7E00630D1F /* AppCoordinatorManager.swift in Sources */,
				79521EF425FEA88800630D1F /* MovieSearch.swift in Sources */,
				79521EC625FE7A5100630D1F /* MainViewModel.swift in Sources */,
			);
			runOnlyForDeploymentPostprocessing = 0;
		};
		79521E9225FE78C300630D1F /* Sources */ = {
			isa = PBXSourcesBuildPhase;
			buildActionMask = 2147483647;
			files = (
				79521E9B25FE78C300630D1F /* SwiftCombineExampleTests.swift in Sources */,
			);
			runOnlyForDeploymentPostprocessing = 0;
		};
		79521E9D25FE78C400630D1F /* Sources */ = {
			isa = PBXSourcesBuildPhase;
			buildActionMask = 2147483647;
			files = (
				79521EA625FE78C400630D1F /* SwiftCombineExampleUITests.swift in Sources */,
			);
			runOnlyForDeploymentPostprocessing = 0;
		};
/* End PBXSourcesBuildPhase section */

/* Begin PBXTargetDependency section */
		79521E9825FE78C300630D1F /* PBXTargetDependency */ = {
			isa = PBXTargetDependency;
			target = 79521E7F25FE78C200630D1F /* SwiftCombineExample */;
			targetProxy = 79521E9725FE78C300630D1F /* PBXContainerItemProxy */;
		};
		79521EA325FE78C400630D1F /* PBXTargetDependency */ = {
			isa = PBXTargetDependency;
			target = 79521E7F25FE78C200630D1F /* SwiftCombineExample */;
			targetProxy = 79521EA225FE78C400630D1F /* PBXContainerItemProxy */;
		};
/* End PBXTargetDependency section */

/* Begin PBXVariantGroup section */
		79521E8E25FE78C300630D1F /* LaunchScreen.storyboard */ = {
			isa = PBXVariantGroup;
			children = (
				79521E8F25FE78C300630D1F /* Base */,
			);
			name = LaunchScreen.storyboard;
			sourceTree = "<group>";
		};
/* End PBXVariantGroup section */

/* Begin XCBuildConfiguration section */
		79521EA825FE78C400630D1F /* Debug */ = {
			isa = XCBuildConfiguration;
			buildSettings = {
				ALWAYS_SEARCH_USER_PATHS = NO;
				CLANG_ANALYZER_NONNULL = YES;
				CLANG_ANALYZER_NUMBER_OBJECT_CONVERSION = YES_AGGRESSIVE;
				CLANG_CXX_LANGUAGE_STANDARD = "gnu++14";
				CLANG_CXX_LIBRARY = "libc++";
				CLANG_ENABLE_MODULES = YES;
				CLANG_ENABLE_OBJC_ARC = YES;
				CLANG_ENABLE_OBJC_WEAK = YES;
				CLANG_WARN_BLOCK_CAPTURE_AUTORELEASING = YES;
				CLANG_WARN_BOOL_CONVERSION = YES;
				CLANG_WARN_COMMA = YES;
				CLANG_WARN_CONSTANT_CONVERSION = YES;
				CLANG_WARN_DEPRECATED_OBJC_IMPLEMENTATIONS = YES;
				CLANG_WARN_DIRECT_OBJC_ISA_USAGE = YES_ERROR;
				CLANG_WARN_DOCUMENTATION_COMMENTS = YES;
				CLANG_WARN_EMPTY_BODY = YES;
				CLANG_WARN_ENUM_CONVERSION = YES;
				CLANG_WARN_INFINITE_RECURSION = YES;
				CLANG_WARN_INT_CONVERSION = YES;
				CLANG_WARN_NON_LITERAL_NULL_CONVERSION = YES;
				CLANG_WARN_OBJC_IMPLICIT_RETAIN_SELF = YES;
				CLANG_WARN_OBJC_LITERAL_CONVERSION = YES;
				CLANG_WARN_OBJC_ROOT_CLASS = YES_ERROR;
				CLANG_WARN_QUOTED_INCLUDE_IN_FRAMEWORK_HEADER = YES;
				CLANG_WARN_RANGE_LOOP_ANALYSIS = YES;
				CLANG_WARN_STRICT_PROTOTYPES = YES;
				CLANG_WARN_SUSPICIOUS_MOVE = YES;
				CLANG_WARN_UNGUARDED_AVAILABILITY = YES_AGGRESSIVE;
				CLANG_WARN_UNREACHABLE_CODE = YES;
				CLANG_WARN__DUPLICATE_METHOD_MATCH = YES;
				COPY_PHASE_STRIP = NO;
				DEBUG_INFORMATION_FORMAT = dwarf;
				ENABLE_STRICT_OBJC_MSGSEND = YES;
				ENABLE_TESTABILITY = YES;
				GCC_C_LANGUAGE_STANDARD = gnu11;
				GCC_DYNAMIC_NO_PIC = NO;
				GCC_NO_COMMON_BLOCKS = YES;
				GCC_OPTIMIZATION_LEVEL = 0;
				GCC_PREPROCESSOR_DEFINITIONS = (
					"DEBUG=1",
					"$(inherited)",
				);
				GCC_WARN_64_TO_32_BIT_CONVERSION = YES;
				GCC_WARN_ABOUT_RETURN_TYPE = YES_ERROR;
				GCC_WARN_UNDECLARED_SELECTOR = YES;
				GCC_WARN_UNINITIALIZED_AUTOS = YES_AGGRESSIVE;
				GCC_WARN_UNUSED_FUNCTION = YES;
				GCC_WARN_UNUSED_VARIABLE = YES;
				IPHONEOS_DEPLOYMENT_TARGET = 14.3;
				MTL_ENABLE_DEBUG_INFO = INCLUDE_SOURCE;
				MTL_FAST_MATH = YES;
				ONLY_ACTIVE_ARCH = YES;
				SDKROOT = iphoneos;
				SWIFT_ACTIVE_COMPILATION_CONDITIONS = DEBUG;
				SWIFT_OPTIMIZATION_LEVEL = "-Onone";
			};
			name = Debug;
		};
		79521EA925FE78C400630D1F /* Release */ = {
			isa = XCBuildConfiguration;
			buildSettings = {
				ALWAYS_SEARCH_USER_PATHS = NO;
				CLANG_ANALYZER_NONNULL = YES;
				CLANG_ANALYZER_NUMBER_OBJECT_CONVERSION = YES_AGGRESSIVE;
				CLANG_CXX_LANGUAGE_STANDARD = "gnu++14";
				CLANG_CXX_LIBRARY = "libc++";
				CLANG_ENABLE_MODULES = YES;
				CLANG_ENABLE_OBJC_ARC = YES;
				CLANG_ENABLE_OBJC_WEAK = YES;
				CLANG_WARN_BLOCK_CAPTURE_AUTORELEASING = YES;
				CLANG_WARN_BOOL_CONVERSION = YES;
				CLANG_WARN_COMMA = YES;
				CLANG_WARN_CONSTANT_CONVERSION = YES;
				CLANG_WARN_DEPRECATED_OBJC_IMPLEMENTATIONS = YES;
				CLANG_WARN_DIRECT_OBJC_ISA_USAGE = YES_ERROR;
				CLANG_WARN_DOCUMENTATION_COMMENTS = YES;
				CLANG_WARN_EMPTY_BODY = YES;
				CLANG_WARN_ENUM_CONVERSION = YES;
				CLANG_WARN_INFINITE_RECURSION = YES;
				CLANG_WARN_INT_CONVERSION = YES;
				CLANG_WARN_NON_LITERAL_NULL_CONVERSION = YES;
				CLANG_WARN_OBJC_IMPLICIT_RETAIN_SELF = YES;
				CLANG_WARN_OBJC_LITERAL_CONVERSION = YES;
				CLANG_WARN_OBJC_ROOT_CLASS = YES_ERROR;
				CLANG_WARN_QUOTED_INCLUDE_IN_FRAMEWORK_HEADER = YES;
				CLANG_WARN_RANGE_LOOP_ANALYSIS = YES;
				CLANG_WARN_STRICT_PROTOTYPES = YES;
				CLANG_WARN_SUSPICIOUS_MOVE = YES;
				CLANG_WARN_UNGUARDED_AVAILABILITY = YES_AGGRESSIVE;
				CLANG_WARN_UNREACHABLE_CODE = YES;
				CLANG_WARN__DUPLICATE_METHOD_MATCH = YES;
				COPY_PHASE_STRIP = NO;
				DEBUG_INFORMATION_FORMAT = "dwarf-with-dsym";
				ENABLE_NS_ASSERTIONS = NO;
				ENABLE_STRICT_OBJC_MSGSEND = YES;
				GCC_C_LANGUAGE_STANDARD = gnu11;
				GCC_NO_COMMON_BLOCKS = YES;
				GCC_WARN_64_TO_32_BIT_CONVERSION = YES;
				GCC_WARN_ABOUT_RETURN_TYPE = YES_ERROR;
				GCC_WARN_UNDECLARED_SELECTOR = YES;
				GCC_WARN_UNINITIALIZED_AUTOS = YES_AGGRESSIVE;
				GCC_WARN_UNUSED_FUNCTION = YES;
				GCC_WARN_UNUSED_VARIABLE = YES;
				IPHONEOS_DEPLOYMENT_TARGET = 14.3;
				MTL_ENABLE_DEBUG_INFO = NO;
				MTL_FAST_MATH = YES;
				SDKROOT = iphoneos;
				SWIFT_COMPILATION_MODE = wholemodule;
				SWIFT_OPTIMIZATION_LEVEL = "-O";
				VALIDATE_PRODUCT = YES;
			};
			name = Release;
		};
		79521EAB25FE78C400630D1F /* Debug */ = {
			isa = XCBuildConfiguration;
			buildSettings = {
				ASSETCATALOG_COMPILER_APPICON_NAME = AppIcon;
				ASSETCATALOG_COMPILER_GLOBAL_ACCENT_COLOR_NAME = AccentColor;
				CODE_SIGN_STYLE = Automatic;
				INFOPLIST_FILE = SwiftCombineExample/Info.plist;
				LD_RUNPATH_SEARCH_PATHS = (
					"$(inherited)",
					"@executable_path/Frameworks",
				);
				PRODUCT_BUNDLE_IDENTIFIER = com.PatrickPahl.SwiftCombineExample;
				PRODUCT_NAME = "$(TARGET_NAME)";
				SWIFT_VERSION = 5.0;
				TARGETED_DEVICE_FAMILY = "1,2";
			};
			name = Debug;
		};
		79521EAC25FE78C400630D1F /* Release */ = {
			isa = XCBuildConfiguration;
			buildSettings = {
				ASSETCATALOG_COMPILER_APPICON_NAME = AppIcon;
				ASSETCATALOG_COMPILER_GLOBAL_ACCENT_COLOR_NAME = AccentColor;
				CODE_SIGN_STYLE = Automatic;
				INFOPLIST_FILE = SwiftCombineExample/Info.plist;
				LD_RUNPATH_SEARCH_PATHS = (
					"$(inherited)",
					"@executable_path/Frameworks",
				);
				PRODUCT_BUNDLE_IDENTIFIER = com.PatrickPahl.SwiftCombineExample;
				PRODUCT_NAME = "$(TARGET_NAME)";
				SWIFT_VERSION = 5.0;
				TARGETED_DEVICE_FAMILY = "1,2";
			};
			name = Release;
		};
		79521EAE25FE78C400630D1F /* Debug */ = {
			isa = XCBuildConfiguration;
			buildSettings = {
				ALWAYS_EMBED_SWIFT_STANDARD_LIBRARIES = YES;
				BUNDLE_LOADER = "$(TEST_HOST)";
				CODE_SIGN_STYLE = Automatic;
				INFOPLIST_FILE = SwiftCombineExampleTests/Info.plist;
				IPHONEOS_DEPLOYMENT_TARGET = 14.3;
				LD_RUNPATH_SEARCH_PATHS = (
					"$(inherited)",
					"@executable_path/Frameworks",
					"@loader_path/Frameworks",
				);
				PRODUCT_BUNDLE_IDENTIFIER = com.PatrickPahl.SwiftCombineExampleTests;
				PRODUCT_NAME = "$(TARGET_NAME)";
				SWIFT_VERSION = 5.0;
				TARGETED_DEVICE_FAMILY = "1,2";
				TEST_HOST = "$(BUILT_PRODUCTS_DIR)/SwiftCombineExample.app/SwiftCombineExample";
			};
			name = Debug;
		};
		79521EAF25FE78C400630D1F /* Release */ = {
			isa = XCBuildConfiguration;
			buildSettings = {
				ALWAYS_EMBED_SWIFT_STANDARD_LIBRARIES = YES;
				BUNDLE_LOADER = "$(TEST_HOST)";
				CODE_SIGN_STYLE = Automatic;
				INFOPLIST_FILE = SwiftCombineExampleTests/Info.plist;
				IPHONEOS_DEPLOYMENT_TARGET = 14.3;
				LD_RUNPATH_SEARCH_PATHS = (
					"$(inherited)",
					"@executable_path/Frameworks",
					"@loader_path/Frameworks",
				);
				PRODUCT_BUNDLE_IDENTIFIER = com.PatrickPahl.SwiftCombineExampleTests;
				PRODUCT_NAME = "$(TARGET_NAME)";
				SWIFT_VERSION = 5.0;
				TARGETED_DEVICE_FAMILY = "1,2";
				TEST_HOST = "$(BUILT_PRODUCTS_DIR)/SwiftCombineExample.app/SwiftCombineExample";
			};
			name = Release;
		};
		79521EB125FE78C400630D1F /* Debug */ = {
			isa = XCBuildConfiguration;
			buildSettings = {
				ALWAYS_EMBED_SWIFT_STANDARD_LIBRARIES = YES;
				CODE_SIGN_STYLE = Automatic;
				INFOPLIST_FILE = SwiftCombineExampleUITests/Info.plist;
				LD_RUNPATH_SEARCH_PATHS = (
					"$(inherited)",
					"@executable_path/Frameworks",
					"@loader_path/Frameworks",
				);
				PRODUCT_BUNDLE_IDENTIFIER = com.PatrickPahl.SwiftCombineExampleUITests;
				PRODUCT_NAME = "$(TARGET_NAME)";
				SWIFT_VERSION = 5.0;
				TARGETED_DEVICE_FAMILY = "1,2";
				TEST_TARGET_NAME = SwiftCombineExample;
			};
			name = Debug;
		};
		79521EB225FE78C400630D1F /* Release */ = {
			isa = XCBuildConfiguration;
			buildSettings = {
				ALWAYS_EMBED_SWIFT_STANDARD_LIBRARIES = YES;
				CODE_SIGN_STYLE = Automatic;
				INFOPLIST_FILE = SwiftCombineExampleUITests/Info.plist;
				LD_RUNPATH_SEARCH_PATHS = (
					"$(inherited)",
					"@executable_path/Frameworks",
					"@loader_path/Frameworks",
				);
				PRODUCT_BUNDLE_IDENTIFIER = com.PatrickPahl.SwiftCombineExampleUITests;
				PRODUCT_NAME = "$(TARGET_NAME)";
				SWIFT_VERSION = 5.0;
				TARGETED_DEVICE_FAMILY = "1,2";
				TEST_TARGET_NAME = SwiftCombineExample;
			};
			name = Release;
		};
/* End XCBuildConfiguration section */

/* Begin XCConfigurationList section */
		79521E7B25FE78C200630D1F /* Build configuration list for PBXProject "SwiftCombineExample" */ = {
			isa = XCConfigurationList;
			buildConfigurations = (
				79521EA825FE78C400630D1F /* Debug */,
				79521EA925FE78C400630D1F /* Release */,
			);
			defaultConfigurationIsVisible = 0;
			defaultConfigurationName = Release;
		};
		79521EAA25FE78C400630D1F /* Build configuration list for PBXNativeTarget "SwiftCombineExample" */ = {
			isa = XCConfigurationList;
			buildConfigurations = (
				79521EAB25FE78C400630D1F /* Debug */,
				79521EAC25FE78C400630D1F /* Release */,
			);
			defaultConfigurationIsVisible = 0;
			defaultConfigurationName = Release;
		};
		79521EAD25FE78C400630D1F /* Build configuration list for PBXNativeTarget "SwiftCombineExampleTests" */ = {
			isa = XCConfigurationList;
			buildConfigurations = (
				79521EAE25FE78C400630D1F /* Debug */,
				79521EAF25FE78C400630D1F /* Release */,
			);
			defaultConfigurationIsVisible = 0;
			defaultConfigurationName = Release;
		};
		79521EB025FE78C400630D1F /* Build configuration list for PBXNativeTarget "SwiftCombineExampleUITests" */ = {
			isa = XCConfigurationList;
			buildConfigurations = (
				79521EB125FE78C400630D1F /* Debug */,
				79521EB225FE78C400630D1F /* Release */,
			);
			defaultConfigurationIsVisible = 0;
			defaultConfigurationName = Release;
		};
/* End XCConfigurationList section */
	};
	rootObject = 79521E7825FE78C200630D1F /* Project object */;
}
